
Microsoft Visual Studio Solution File, Format Version 12.00
# Visual Studio Version 17
VisualStudioVersion = 17.9.34723.18
MinimumVisualStudioVersion = 10.0.40219.1
Project("{9A19103F-16F7-4668-BE54-9A1E7A4F7556}") = "GigHubLibrary", "GigHub\GigHubLibrary.csproj", "{D68F9F96-FA93-4252-A8EE-40DFFF6D985C}"
EndProject
Project("{9A19103F-16F7-4668-BE54-9A1E7A4F7556}") = "StartUpForm", "StartUpForm\StartUpForm.csproj", "{BC10AE78-DCE9-4353-8CC3-370C6773F3D9}"
EndProject
Global
	GlobalSection(SolutionConfigurationPlatforms) = preSolution
		Debug|Any CPU = Debug|Any CPU
		Release|Any CPU = Release|Any CPU
	EndGlobalSection
	GlobalSection(ProjectConfigurationPlatforms) = postSolution
		{D68F9F96-FA93-4252-A8EE-40DFFF6D985C}.Debug|Any CPU.ActiveCfg = Debug|Any CPU
		{D68F9F96-FA93-4252-A8EE-40DFFF6D985C}.Debug|Any CPU.Build.0 = Debug|Any CPU
		{D68F9F96-FA93-4252-A8EE-40DFFF6D985C}.Release|Any CPU.ActiveCfg = Release|Any CPU
		{D68F9F96-FA93-4252-A8EE-40DFFF6D985C}.Release|Any CPU.Build.0 = Release|Any CPU
		{BC10AE78-DCE9-4353-8CC3-370C6773F3D9}.Debug|Any CPU.ActiveCfg = Debug|Any CPU
		{BC10AE78-DCE9-4353-8CC3-370C6773F3D9}.Debug|Any CPU.Build.0 = Debug|Any CPU
		{BC10AE78-DCE9-4353-8CC3-370C6773F3D9}.Release|Any CPU.ActiveCfg = Release|Any CPU
		{BC10AE78-DCE9-4353-8CC3-370C6773F3D9}.Release|Any CPU.Build.0 = Release|Any CPU
	EndGlobalSection
	GlobalSection(SolutionProperties) = preSolution
		HideSolutionNode = FALSE
	EndGlobalSection
	GlobalSection(ExtensibilityGlobals) = postSolution
		SolutionGuid = {E0D33D33-6750-456A-8BD0-74A5868E8ED5}
	EndGlobalSection
EndGlobal
